Microsoft Visual Studio Solution File, Format Version 11.00
# Visual Studio 2008

Project("{4D64DB78-B9BB-F3E2-8E67-D591EF286C1C}") = "Barnland Security", "Assembly-CSharp.csproj", "{896B9600-EF61-86EE-25BB-4AE69847058F}"
EndProject
Project("{4D64DB78-B9BB-F3E2-8E67-D591EF286C1C}") = "Barnland Security", "Assembly-CSharp-Editor.csproj", "{0DA1D430-73A5-B4A1-12E4-EAA610183FCD}"
EndProject
Global
	GlobalSection(SolutionConfigurationPlatforms) = preSolution
		Debug|Any CPU = Debug|Any CPU
		Release|Any CPU = Release|Any CPU
	EndGlobalSection
	GlobalSection(ProjectConfigurationPlatforms) = postSolution
		{896B9600-EF61-86EE-25BB-4AE69847058F}.Debug|Any CPU.ActiveCfg = Debug|Any CPU
		{896B9600-EF61-86EE-25BB-4AE69847058F}.Debug|Any CPU.Build.0 = Debug|Any CPU
		{896B9600-EF61-86EE-25BB-4AE69847058F}.Release|Any CPU.ActiveCfg = Release|Any CPU
		{896B9600-EF61-86EE-25BB-4AE69847058F}.Release|Any CPU.Build.0 = Release|Any CPU
		{0DA1D430-73A5-B4A1-12E4-EAA610183FCD}.Debug|Any CPU.ActiveCfg = Debug|Any CPU
		{0DA1D430-73A5-B4A1-12E4-EAA610183FCD}.Debug|Any CPU.Build.0 = Debug|Any CPU
		{0DA1D430-73A5-B4A1-12E4-EAA610183FCD}.Release|Any CPU.ActiveCfg = Release|Any CPU
		{0DA1D430-73A5-B4A1-12E4-EAA610183FCD}.Release|Any CPU.Build.0 = Release|Any CPU
	EndGlobalSection
	GlobalSection(SolutionProperties) = preSolution
		HideSolutionNode = FALSE
	EndGlobalSection
	GlobalSection(MonoDevelopProperties) = preSolution
		StartupItem = Assembly-CSharp.csproj
	EndGlobalSection
EndGlobal
